
Microsoft Visual Studio Solution File, Format Version 12.00
# Visual Studio Version 17
VisualStudioVersion = 17.2.32630.192
MinimumVisualStudioVersion = 10.0.40219.1
Project("{FAE04EC0-301F-11D3-BF4B-00C04F79EFBC}") = "Tabuada", "Tabuada\Tabuada.csproj", "{DD0A7FD3-05E2-40B7-8F18-D8AABE83B09F}"
EndProject
Global
	GlobalSection(SolutionConfigurationPlatforms) = preSolution
		Debug|Any CPU = Debug|Any CPU
		Release|Any CPU = Release|Any CPU
	EndGlobalSection
	GlobalSection(ProjectConfigurationPlatforms) = postSolution
		{DD0A7FD3-05E2-40B7-8F18-D8AABE83B09F}.Debug|Any CPU.ActiveCfg = Debug|Any CPU
		{DD0A7FD3-05E2-40B7-8F18-D8AABE83B09F}.Debug|Any CPU.Build.0 = Debug|Any CPU
		{DD0A7FD3-05E2-40B7-8F18-D8AABE83B09F}.Release|Any CPU.ActiveCfg = Release|Any CPU
		{DD0A7FD3-05E2-40B7-8F18-D8AABE83B09F}.Release|Any CPU.Build.0 = Release|Any CPU
	EndGlobalSection
	GlobalSection(SolutionProperties) = preSolution
		HideSolutionNode = FALSE
	EndGlobalSection
	GlobalSection(ExtensibilityGlobals) = postSolution
		SolutionGuid = {70720FC9-66AC-4324-A89C-E215AE30B1FC}
	EndGlobalSection
EndGlobal
